
Microsoft Visual Studio Solution File, Format Version 12.00
# Visual Studio Version 16
VisualStudioVersion = 16.0.30503.244
MinimumVisualStudioVersion = 10.0.40219.1
Project("{9A19103F-16F7-4668-BE54-9A1E7A4F7556}") = "DBmaker", "DBmaker\DBmaker.csproj", "{1DA7139C-4CCA-4729-83FE-91204D425A0D}"
EndProject
Project("{FAE04EC0-301F-11D3-BF4B-00C04F79EFBC}") = "DeliveryWeasel", "DeliveryWeasel\DeliveryWeasel.csproj", "{0938ED47-0C0A-4CF8-AC1C-DF9B91861E08}"
EndProject
Project("{FAE04EC0-301F-11D3-BF4B-00C04F79EFBC}") = "ProductionDataAccess", "ProductionDataAccess\ProductionDataAccess.csproj", "{66E6C0FA-022F-4560-8956-55EBED82FC61}"
EndProject
Global
	GlobalSection(SolutionConfigurationPlatforms) = preSolution
		Debug|Any CPU = Debug|Any CPU
		Release|Any CPU = Release|Any CPU
	EndGlobalSection
	GlobalSection(ProjectConfigurationPlatforms) = postSolution
		{1DA7139C-4CCA-4729-83FE-91204D425A0D}.Debug|Any CPU.ActiveCfg = Debug|Any CPU
		{1DA7139C-4CCA-4729-83FE-91204D425A0D}.Debug|Any CPU.Build.0 = Debug|Any CPU
		{1DA7139C-4CCA-4729-83FE-91204D425A0D}.Release|Any CPU.ActiveCfg = Release|Any CPU
		{1DA7139C-4CCA-4729-83FE-91204D425A0D}.Release|Any CPU.Build.0 = Release|Any CPU
		{0938ED47-0C0A-4CF8-AC1C-DF9B91861E08}.Debug|Any CPU.ActiveCfg = Debug|Any CPU
		{0938ED47-0C0A-4CF8-AC1C-DF9B91861E08}.Debug|Any CPU.Build.0 = Debug|Any CPU
		{0938ED47-0C0A-4CF8-AC1C-DF9B91861E08}.Release|Any CPU.ActiveCfg = Release|Any CPU
		{0938ED47-0C0A-4CF8-AC1C-DF9B91861E08}.Release|Any CPU.Build.0 = Release|Any CPU
		{66E6C0FA-022F-4560-8956-55EBED82FC61}.Debug|Any CPU.ActiveCfg = Debug|Any CPU
		{66E6C0FA-022F-4560-8956-55EBED82FC61}.Debug|Any CPU.Build.0 = Debug|Any CPU
		{66E6C0FA-022F-4560-8956-55EBED82FC61}.Release|Any CPU.ActiveCfg = Release|Any CPU
		{66E6C0FA-022F-4560-8956-55EBED82FC61}.Release|Any CPU.Build.0 = Release|Any CPU
	EndGlobalSection
	GlobalSection(SolutionProperties) = preSolution
		HideSolutionNode = FALSE
	EndGlobalSection
	GlobalSection(ExtensibilityGlobals) = postSolution
		SolutionGuid = {D7F008AF-C67D-40B2-980D-7165478B029B}
	EndGlobalSection
EndGlobal
